// !$*UTF8*$!
{
	archiveVersion = 1;
	classes = {
	};
	objectVersion = 46;
	objects = {

/* Begin PBXBuildFile section */
		CA2171C319CB56ED00FBC54F /* AppDelegate.swift in Sources */ = {isa = PBXBuildFile; fileRef = CA2171C219CB56ED00FBC54F /* AppDelegate.swift */; };
		CA2171C519CB56ED00FBC54F /* ViewController.swift in Sources */ = {isa = PBXBuildFile; fileRef = CA2171C419CB56ED00FBC54F /* ViewController.swift */; };
		CA2171C819CB56ED00FBC54F /* Main.storyboard in Resources */ = {isa = PBXBuildFile; fileRef = CA2171C619CB56ED00FBC54F /* Main.storyboard */; };
		CA2171CA19CB56ED00FBC54F /* Images.xcassets in Resources */ = {isa = PBXBuildFile; fileRef = CA2171C919CB56ED00FBC54F /* Images.xcassets */; };
		CA2171D619CB56ED00FBC54F /* PostcardTests.swift in Sources */ = {isa = PBXBuildFile; fileRef = CA2171D519CB56ED00FBC54F /* PostcardTests.swift */; };
/* End PBXBuildFile section */

/* Begin PBXContainerItemProxy section */
		CA2171D019CB56ED00FBC54F /* PBXContainerItemProxy */ = {
			isa = PBXContainerItemProxy;
			containerPortal = CA2171B519CB56EC00FBC54F /* Project object */;
			proxyType = 1;
			remoteGlobalIDString = CA2171BC19CB56EC00FBC54F;
			remoteInfo = Postcard;
		};
/* End PBXContainerItemProxy section */

/* Begin PBXFileReference section */
		CA2171BD19CB56ED00FBC54F /* Postcard.app */ = {isa = PBXFileReference; explicitFileType = wrapper.application; includeInIndex = 0; path = Postcard.app; sourceTree = BUILT_PRODUCTS_DIR; };
		CA2171C119CB56ED00FBC54F /* Info.plist */ = {isa = PBXFileReference; lastKnownFileType = text.plist.xml; path = Info.plist; sourceTree = "<group>"; };
		CA2171C219CB56ED00FBC54F /* AppDelegate.swift */ = {isa = PBXFileReference; lastKnownFileType = sourcecode.swift; path = AppDelegate.swift; sourceTree = "<group>"; };
		CA2171C419CB56ED00FBC54F /* ViewController.swift */ = {isa = PBXFileReference; lastKnownFileType = sourcecode.swift; path = ViewController.swift; sourceTree = "<group>"; };
		CA2171C719CB56ED00FBC54F /* Base */ = {isa = PBXFileReference; lastKnownFileType = file.storyboard; name = Base; path = Base.lproj/Main.storyboard; sourceTree = "<group>"; };
		CA2171C919CB56ED00FBC54F /* Images.xcassets */ = {isa = PBXFileReference; lastKnownFileType = folder.assetcatalog; path = Images.xcassets; sourceTree = "<group>"; };
		CA2171CF19CB56ED00FBC54F /* PostcardTests.xctest */ = {isa = PBXFileReference; explicitFileType = wrapper.cfbundle; includeInIndex = 0; path = PostcardTests.xctest; sourceTree = BUILT_PRODUCTS_DIR; };
		CA2171D419CB56ED00FBC54F /* Info.plist */ = {isa = PBXFileReference; lastKnownFileType = text.plist.xml; path = Info.plist; sourceTree = "<group>"; };
		CA2171D519CB56ED00FBC54F /* PostcardTests.swift */ = {isa = PBXFileReference; lastKnownFileType = sourcecode.swift; path = PostcardTests.swift; sourceTree = "<group>"; };
/* End PBXFileReference section */

/* Begin PBXFrameworksBuildPhase section */
		CA2171BA19CB56EC00FBC54F /* Frameworks */ = {
			isa = PBXFrameworksBuildPhase;
			buildActionMask = 2147483647;
			files = (
			);
			runOnlyForDeploymentPostprocessing = 0;
		};
		CA2171CC19CB56ED00FBC54F /* Frameworks */ = {
			isa = PBXFrameworksBuildPhase;
			buildActionMask = 2147483647;
			files = (
			);
			runOnlyForDeploymentPostprocessing = 0;
		};
/* End PBXFrameworksBuildPhase section */

/* Begin PBXGroup section */
		CA2171B419CB56EC00FBC54F = {
			isa = PBXGroup;
			children = (
				CA2171BF19CB56ED00FBC54F /* Postcard */,
				CA2171D219CB56ED00FBC54F /* PostcardTests */,
				CA2171BE19CB56ED00FBC54F /* Products */,
			);
			sourceTree = "<group>";
		};
		CA2171BE19CB56ED00FBC54F /* Products */ = {
			isa = PBXGroup;
			children = (
				CA2171BD19CB56ED00FBC54F /* Postcard.app */,
				CA2171CF19CB56ED00FBC54F /* PostcardTests.xctest */,
			);
			name = Products;
			sourceTree = "<group>";
		};
		CA2171BF19CB56ED00FBC54F /* Postcard */ = {
			isa = PBXGroup;
			children = (
				CA2171C219CB56ED00FBC54F /* AppDelegate.swift */,
				CA2171C419CB56ED00FBC54F /* ViewController.swift */,
				CA2171C619CB56ED00FBC54F /* Main.storyboard */,
				CA2171C919CB56ED00FBC54F /* Images.xcassets */,
				CA2171C019CB56ED00FBC54F /* Supporting Files */,
			);
			path = Postcard;
			sourceTree = "<group>";
		};
		CA2171C019CB56ED00FBC54F /* Supporting Files */ = {
			isa = PBXGroup;
			children = (
				CA2171C119CB56ED00FBC54F /* Info.plist */,
			);
			name = "Supporting Files";
			sourceTree = "<group>";
		};
		CA2171D219CB56ED00FBC54F /* PostcardTests */ = {
			isa = PBXGroup;
			children = (
				CA2171D519CB56ED00FBC54F /* PostcardTests.swift */,
				CA2171D319CB56ED00FBC54F /* Supporting Files */,
			);
			path = PostcardTests;
			sourceTree = "<group>";
		};
		CA2171D319CB56ED00FBC54F /* Supporting Files */ = {
			isa = PBXGroup;
			children = (
				CA2171D419CB56ED00FBC54F /* Info.plist */,
			);
			name = "Supporting Files";
			sourceTree = "<group>";
		};
/* End PBXGroup section */

/* Begin PBXNativeTarget section */
		CA2171BC19CB56EC00FBC54F /* Postcard */ = {
			isa = PBXNativeTarget;
			buildConfigurationList = CA2171D919CB56ED00FBC54F /* Build configuration list for PBXNativeTarget "Postcard" */;
			buildPhases = (
				CA2171B919CB56EC00FBC54F /* Sources */,
				CA2171BA19CB56EC00FBC54F /* Frameworks */,
				CA2171BB19CB56EC00FBC54F /* Resources */,
			);
			buildRules = (
			);
			dependencies = (
			);
			name = Postcard;
			productName = Postcard;
			productReference = CA2171BD19CB56ED00FBC54F /* Postcard.app */;
			productType = "com.apple.product-type.application";
		};
		CA2171CE19CB56ED00FBC54F /* PostcardTests */ = {
			isa = PBXNativeTarget;
			buildConfigurationList = CA2171DC19CB56ED00FBC54F /* Build configuration list for PBXNativeTarget "PostcardTests" */;
			buildPhases = (
				CA2171CB19CB56ED00FBC54F /* Sources */,
				CA2171CC19CB56ED00FBC54F /* Frameworks */,
				CA2171CD19CB56ED00FBC54F /* Resources */,
			);
			buildRules = (
			);
			dependencies = (
				CA2171D119CB56ED00FBC54F /* PBXTargetDependency */,
			);
			name = PostcardTests;
			productName = PostcardTests;
			productReference = CA2171CF19CB56ED00FBC54F /* PostcardTests.xctest */;
			productType = "com.apple.product-type.bundle.unit-test";
		};
/* End PBXNativeTarget section */

/* Begin PBXProject section */
		CA2171B519CB56EC00FBC54F /* Project object */ = {
			isa = PBXProject;
			attributes = {
				LastUpgradeCheck = 0600;
				ORGANIZATIONNAME = "Amy Cliett";
				TargetAttributes = {
					CA2171BC19CB56EC00FBC54F = {
						CreatedOnToolsVersion = 6.0;
					};
					CA2171CE19CB56ED00FBC54F = {
						CreatedOnToolsVersion = 6.0;
						TestTargetID = CA2171BC19CB56EC00FBC54F;
					};
				};
			};
			buildConfigurationList = CA2171B819CB56EC00FBC54F /* Build configuration list for PBXProject "Postcard" */;
			compatibilityVersion = "Xcode 3.2";
			developmentRegion = English;
			hasScannedForEncodings = 0;
			knownRegions = (
				en,
				Base,
			);
			mainGroup = CA2171B419CB56EC00FBC54F;
			productRefGroup = CA2171BE19CB56ED00FBC54F /* Products */;
			projectDirPath = "";
			projectRoot = "";
			targets = (
				CA2171BC19CB56EC00FBC54F /* Postcard */,
				CA2171CE19CB56ED00FBC54F /* PostcardTests */,
			);
		};
/* End PBXProject section */

/* Begin PBXResourcesBuildPhase section */
		CA2171BB19CB56EC00FBC54F /* Resources */ = {
			isa = PBXResourcesBuildPhase;
			buildActionMask = 2147483647;
			files = (
				CA2171C819CB56ED00FBC54F /* Main.storyboard in Resources */,
				CA2171CA19CB56ED00FBC54F /* Images.xcassets in Resources */,
			);
			runOnlyForDeploymentPostprocessing = 0;
		};
		CA2171CD19CB56ED00FBC54F /* Resources */ = {
			isa = PBXResourcesBuildPhase;
			buildActionMask = 2147483647;
			files = (
			);
			runOnlyForDeploymentPostprocessing = 0;
		};
/* End PBXResourcesBuildPhase section */

/* Begin PBXSourcesBuildPhase section */
		CA2171B919CB56EC00FBC54F /* Sources */ = {
			isa = PBXSourcesBuildPhase;
			buildActionMask = 2147483647;
			files = (
				CA2171C519CB56ED00FBC54F /* ViewController.swift in Sources */,
				CA2171C319CB56ED00FBC54F /* AppDelegate.swift in Sources */,
			);
			runOnlyForDeploymentPostprocessing = 0;
		};
		CA2171CB19CB56ED00FBC54F /* Sources */ = {
			isa = PBXSourcesBuildPhase;
			buildActionMask = 2147483647;
			files = (
				CA2171D619CB56ED00FBC54F /* PostcardTests.swift in Sources */,
			);
			runOnlyForDeploymentPostprocessing = 0;
		};
/* End PBXSourcesBuildPhase section */

/* Begin PBXTargetDependency section */
		CA2171D119CB56ED00FBC54F /* PBXTargetDependency */ = {
			isa = PBXTargetDependency;
			target = CA2171BC19CB56EC00FBC54F /* Postcard */;
			targetProxy = CA2171D019CB56ED00FBC54F /* PBXContainerItemProxy */;
		};
/* End PBXTargetDependency section */

/* Begin PBXVariantGroup section */
		CA2171C619CB56ED00FBC54F /* Main.storyboard */ = {
			isa = PBXVariantGroup;
			children = (
				CA2171C719CB56ED00FBC54F /* Base */,
			);
			name = Main.storyboard;
			sourceTree = "<group>";
		};
/* End PBXVariantGroup section */

/* Begin XCBuildConfiguration section */
		CA2171D719CB56ED00FBC54F /* Debug */ = {
			isa = XCBuildConfiguration;
			buildSettings = {
				ALWAYS_SEARCH_USER_PATHS = NO;
				CLANG_CXX_LANGUAGE_STANDARD = "gnu++0x";
				CLANG_CXX_LIBRARY = "libc++";
				CLANG_ENABLE_MODULES = YES;
				CLANG_ENABLE_OBJC_ARC = YES;
				CLANG_WARN_BOOL_CONVERSION = YES;
				CLANG_WARN_CONSTANT_CONVERSION = YES;
				CLANG_WARN_DIRECT_OBJC_ISA_USAGE = YES_ERROR;
				CLANG_WARN_EMPTY_BODY = YES;
				CLANG_WARN_ENUM_CONVERSION = YES;
				CLANG_WARN_INT_CONVERSION = YES;
				CLANG_WARN_OBJC_ROOT_CLASS = YES_ERROR;
				CLANG_WARN_UNREACHABLE_CODE = YES;
				CLANG_WARN__DUPLICATE_METHOD_MATCH = YES;
				"CODE_SIGN_IDENTITY[sdk=iphoneos*]" = "iPhone Developer";
				COPY_PHASE_STRIP = NO;
				ENABLE_STRICT_OBJC_MSGSEND = YES;
				GCC_C_LANGUAGE_STANDARD = gnu99;
				GCC_DYNAMIC_NO_PIC = NO;
				GCC_OPTIMIZATION_LEVEL = 0;
				GCC_PREPROCESSOR_DEFINITIONS = (
					"DEBUG=1",
					"$(inherited)",
				);
				GCC_SYMBOLS_PRIVATE_EXTERN = NO;
				GCC_WARN_64_TO_32_BIT_CONVERSION = YES;
				GCC_WARN_ABOUT_RETURN_TYPE = YES_ERROR;
				GCC_WARN_UNDECLARED_SELECTOR = YES;
				GCC_WARN_UNINITIALIZED_AUTOS = YES_AGGRESSIVE;
				GCC_WARN_UNUSED_FUNCTION = YES;
				GCC_WARN_UNUSED_VARIABLE = YES;
				IPHONEOS_DEPLOYMENT_TARGET = 8.0;
				MTL_ENABLE_DEBUG_INFO = YES;
				ONLY_ACTIVE_ARCH = YES;
				SDKROOT = iphoneos;
				SWIFT_OPTIMIZATION_LEVEL = "-Onone";
			};
			name = Debug;
		};
		CA2171D819CB56ED00FBC54F /* Release */ = {
			isa = XCBuildConfiguration;
			buildSettings = {
				ALWAYS_SEARCH_USER_PATHS = NO;
				CLANG_CXX_LANGUAGE_STANDARD = "gnu++0x";
				CLANG_CXX_LIBRARY = "libc++";
				CLANG_ENABLE_MODULES = YES;
				CLANG_ENABLE_OBJC_ARC = YES;
				CLANG_WARN_BOOL_CONVERSION = YES;
				CLANG_WARN_CONSTANT_CONVERSION = YES;
				CLANG_WARN_DIRECT_OBJC_ISA_USAGE = YES_ERROR;
				CLANG_WARN_EMPTY_BODY = YES;
				CLANG_WARN_ENUM_CONVERSION = YES;
				CLANG_WARN_INT_CONVERSION = YES;
				CLANG_WARN_OBJC_ROOT_CLASS = YES_ERROR;
				CLANG_WARN_UNREACHABLE_CODE = YES;
				CLANG_WARN__DUPLICATE_METHOD_MATCH = YES;
				"CODE_SIGN_IDENTITY[sdk=iphoneos*]" = "iPhone Developer";
				COPY_PHASE_STRIP = YES;
				ENABLE_NS_ASSERTIONS = NO;
				ENABLE_STRICT_OBJC_MSGSEND = YES;
				GCC_C_LANGUAGE_STANDARD = gnu99;
				GCC_WARN_64_TO_32_BIT_CONVERSION = YES;
				GCC_WARN_ABOUT_RETURN_TYPE = YES_ERROR;
				GCC_WARN_UNDECLARED_SELECTOR = YES;
				GCC_WARN_UNINITIALIZED_AUTOS = YES_AGGRESSIVE;
				GCC_WARN_UNUSED_FUNCTION = YES;
				GCC_WARN_UNUSED_VARIABLE = YES;
				IPHONEOS_DEPLOYMENT_TARGET = 8.0;
				MTL_ENABLE_DEBUG_INFO = NO;
				SDKROOT = iphoneos;
				VALIDATE_PRODUCT = YES;
			};
			name = Release;
		};
		CA2171DA19CB56ED00FBC54F /* Debug */ = {
			isa = XCBuildConfiguration;
			buildSettings = {
				ASSETCATALOG_COMPILER_APPICON_NAME = AppIcon;
				ASSETCATALOG_COMPILER_LAUNCHIMAGE_NAME = LaunchImage;
				INFOPLIST_FILE = Postcard/Info.plist;
				LD_RUNPATH_SEARCH_PATHS = "$(inherited) @executable_path/Frameworks";
				PRODUCT_NAME = "$(TARGET_NAME)";
			};
			name = Debug;
		};
		CA2171DB19CB56ED00FBC54F /* Release */ = {
			isa = XCBuildConfiguration;
			buildSettings = {
				ASSETCATALOG_COMPILER_APPICON_NAME = AppIcon;
				ASSETCATALOG_COMPILER_LAUNCHIMAGE_NAME = LaunchImage;
				INFOPLIST_FILE = Postcard/Info.plist;
				LD_RUNPATH_SEARCH_PATHS = "$(inherited) @executable_path/Frameworks";
				PRODUCT_NAME = "$(TARGET_NAME)";
			};
			name = Release;
		};
		CA2171DD19CB56ED00FBC54F /* Debug */ = {
			isa = XCBuildConfiguration;
			buildSettings = {
				BUNDLE_LOADER = "$(BUILT_PRODUCTS_DIR)/Postcard.app/Postcard";
				FRAMEWORK_SEARCH_PATHS = (
					"$(SDKROOT)/Developer/Library/Frameworks",
					"$(inherited)",
				);
				GCC_PREPROCESSOR_DEFINITIONS = (
					"DEBUG=1",
					"$(inherited)",
				);
				INFOPLIST_FILE = PostcardTests/Info.plist;
				LD_RUNPATH_SEARCH_PATHS = "$(inherited) @executable_path/Frameworks @loader_path/Frameworks";
				PRODUCT_NAME = "$(TARGET_NAME)";
				TEST_HOST = "$(BUNDLE_LOADER)";
			};
			name = Debug;
		};
		CA2171DE19CB56ED00FBC54F /* Release */ = {
			isa = XCBuildConfiguration;
			buildSettings = {
				BUNDLE_LOADER = "$(BUILT_PRODUCTS_DIR)/Postcard.app/Postcard";
				FRAMEWORK_SEARCH_PATHS = (
					"$(SDKROOT)/Developer/Library/Frameworks",
					"$(inherited)",
				);
				INFOPLIST_FILE = PostcardTests/Info.plist;
				LD_RUNPATH_SEARCH_PATHS = "$(inherited) @executable_path/Frameworks @loader_path/Frameworks";
				PRODUCT_NAME = "$(TARGET_NAME)";
				TEST_HOST = "$(BUNDLE_LOADER)";
			};
			name = Release;
		};
/* End XCBuildConfiguration section */

/* Begin XCConfigurationList section */
		CA2171B819CB56EC00FBC54F /* Build configuration list for PBXProject "Postcard" */ = {
			isa = XCConfigurationList;
			buildConfigurations = (
				CA2171D719CB56ED00FBC54F /* Debug */,
				CA2171D819CB56ED00FBC54F /* Release */,
			);
			defaultConfigurationIsVisible = 0;
			defaultConfigurationName = Release;
		};
		CA2171D919CB56ED00FBC54F /* Build configuration list for PBXNativeTarget "Postcard" */ = {
			isa = XCConfigurationList;
			buildConfigurations = (
				CA2171DA19CB56ED00FBC54F /* Debug */,
				CA2171DB19CB56ED00FBC54F /* Release */,
			);
			defaultConfigurationIsVisible = 0;
		};
		CA2171DC19CB56ED00FBC54F /* Build configuration list for PBXNativeTarget "PostcardTests" */ = {
			isa = XCConfigurationList;
			buildConfigurations = (
				CA2171DD19CB56ED00FBC54F /* Debug */,
				CA2171DE19CB56ED00FBC54F /* Release */,
			);
			defaultConfigurationIsVisible = 0;
		};
/* End XCConfigurationList section */
	};
	rootObject = CA2171B519CB56EC00FBC54F /* Project object */;
}
